// !$*UTF8*$!
{
	archiveVersion = 1;
	classes = {
	};
	objectVersion = 50;
	objects = {

/* Begin PBXBuildFile section */
		4660F6FE21085B690005C9DD /* Extensions.swift in Sources */ = {isa = PBXBuildFile; fileRef = 4660F6FD21085B690005C9DD /* Extensions.swift */; };
		4660F70221085CA00005C9DD /* VideoCell.swift in Sources */ = {isa = PBXBuildFile; fileRef = 4660F70121085CA00005C9DD /* VideoCell.swift */; };
		4660F704210876080005C9DD /* MenuBar.swift in Sources */ = {isa = PBXBuildFile; fileRef = 4660F703210876080005C9DD /* MenuBar.swift */; };
		4660F7062108811C0005C9DD /* MenuItemCell.swift in Sources */ = {isa = PBXBuildFile; fileRef = 4660F7052108811C0005C9DD /* MenuItemCell.swift */; };
		467429A62107040E0025AA54 /* AppDelegate.swift in Sources */ = {isa = PBXBuildFile; fileRef = 467429A52107040E0025AA54 /* AppDelegate.swift */; };
		467429A82107040E0025AA54 /* HomeController.swift in Sources */ = {isa = PBXBuildFile; fileRef = 467429A72107040E0025AA54 /* HomeController.swift */; };
		467429AB2107040E0025AA54 /* Main.storyboard in Resources */ = {isa = PBXBuildFile; fileRef = 467429A92107040E0025AA54 /* Main.storyboard */; };
		467429B0210704120025AA54 /* LaunchScreen.storyboard in Resources */ = {isa = PBXBuildFile; fileRef = 467429AE210704120025AA54 /* LaunchScreen.storyboard */; };
		469D50E32109A50E00F573C4 /* Assets.xcassets in Resources */ = {isa = PBXBuildFile; fileRef = 469D50E22109A50E00F573C4 /* Assets.xcassets */; };
		469D50E62109B76600F573C4 /* Video.swift in Sources */ = {isa = PBXBuildFile; fileRef = 469D50E52109B76600F573C4 /* Video.swift */; };
/* End PBXBuildFile section */

/* Begin PBXFileReference section */
		4660F6FD21085B690005C9DD /* Extensions.swift */ = {isa = PBXFileReference; lastKnownFileType = sourcecode.swift; path = Extensions.swift; sourceTree = "<group>"; };
		4660F70121085CA00005C9DD /* VideoCell.swift */ = {isa = PBXFileReference; lastKnownFileType = sourcecode.swift; path = VideoCell.swift; sourceTree = "<group>"; };
		4660F703210876080005C9DD /* MenuBar.swift */ = {isa = PBXFileReference; lastKnownFileType = sourcecode.swift; path = MenuBar.swift; sourceTree = "<group>"; };
		4660F7052108811C0005C9DD /* MenuItemCell.swift */ = {isa = PBXFileReference; lastKnownFileType = sourcecode.swift; path = MenuItemCell.swift; sourceTree = "<group>"; };
		467429A22107040E0025AA54 /* YoutubeApp.app */ = {isa = PBXFileReference; explicitFileType = wrapper.application; includeInIndex = 0; path = YoutubeApp.app; sourceTree = BUILT_PRODUCTS_DIR; };
		467429A52107040E0025AA54 /* AppDelegate.swift */ = {isa = PBXFileReference; lastKnownFileType = sourcecode.swift; path = AppDelegate.swift; sourceTree = "<group>"; };
		467429A72107040E0025AA54 /* HomeController.swift */ = {isa = PBXFileReference; lastKnownFileType = sourcecode.swift; path = HomeController.swift; sourceTree = "<group>"; };
		467429AA2107040E0025AA54 /* Base */ = {isa = PBXFileReference; lastKnownFileType = file.storyboard; name = Base; path = Base.lproj/Main.storyboard; sourceTree = "<group>"; };
		467429AF210704120025AA54 /* Base */ = {isa = PBXFileReference; lastKnownFileType = file.storyboard; name = Base; path = Base.lproj/LaunchScreen.storyboard; sourceTree = "<group>"; };
		467429B1210704120025AA54 /* Info.plist */ = {isa = PBXFileReference; lastKnownFileType = text.plist.xml; path = Info.plist; sourceTree = "<group>"; };
		469D50E22109A50E00F573C4 /* Assets.xcassets */ = {isa = PBXFileReference; lastKnownFileType = folder.assetcatalog; path = Assets.xcassets; sourceTree = "<group>"; };
		469D50E52109B76600F573C4 /* Video.swift */ = {isa = PBXFileReference; lastKnownFileType = sourcecode.swift; path = Video.swift; sourceTree = "<group>"; };
/* End PBXFileReference section */

/* Begin PBXFrameworksBuildPhase section */
		4674299F2107040E0025AA54 /* Frameworks */ = {
			isa = PBXFrameworksBuildPhase;
			buildActionMask = 2147483647;
			files = (
			);
			runOnlyForDeploymentPostprocessing = 0;
		};
/* End PBXFrameworksBuildPhase section */

/* Begin PBXGroup section */
		4660F6FF21085C820005C9DD /* View */ = {
			isa = PBXGroup;
			children = (
				4660F70121085CA00005C9DD /* VideoCell.swift */,
				4660F703210876080005C9DD /* MenuBar.swift */,
				4660F7052108811C0005C9DD /* MenuItemCell.swift */,
			);
			path = View;
			sourceTree = "<group>";
		};
		4660F70021085C8B0005C9DD /* Controller */ = {
			isa = PBXGroup;
			children = (
				467429A72107040E0025AA54 /* HomeController.swift */,
			);
			path = Controller;
			sourceTree = "<group>";
		};
		467429992107040E0025AA54 = {
			isa = PBXGroup;
			children = (
				467429A42107040E0025AA54 /* YoutubeApp */,
				467429A32107040E0025AA54 /* Products */,
			);
			sourceTree = "<group>";
		};
		467429A32107040E0025AA54 /* Products */ = {
			isa = PBXGroup;
			children = (
				467429A22107040E0025AA54 /* YoutubeApp.app */,
			);
			name = Products;
			sourceTree = "<group>";
		};
		467429A42107040E0025AA54 /* YoutubeApp */ = {
			isa = PBXGroup;
			children = (
				469D50E42109B75F00F573C4 /* Model */,
				4660F70021085C8B0005C9DD /* Controller */,
				4660F6FF21085C820005C9DD /* View */,
				467429A52107040E0025AA54 /* AppDelegate.swift */,
				467429A92107040E0025AA54 /* Main.storyboard */,
				469D50E22109A50E00F573C4 /* Assets.xcassets */,
				467429AE210704120025AA54 /* LaunchScreen.storyboard */,
				467429B1210704120025AA54 /* Info.plist */,
				4660F6FD21085B690005C9DD /* Extensions.swift */,
			);
			path = YoutubeApp;
			sourceTree = "<group>";
		};
		469D50E42109B75F00F573C4 /* Model */ = {
			isa = PBXGroup;
			children = (
				469D50E52109B76600F573C4 /* Video.swift */,
			);
			path = Model;
			sourceTree = "<group>";
		};
/* End PBXGroup section */

/* Begin PBXNativeTarget section */
		467429A12107040E0025AA54 /* YoutubeApp */ = {
			isa = PBXNativeTarget;
			buildConfigurationList = 467429B4210704120025AA54 /* Build configuration list for PBXNativeTarget "YoutubeApp" */;
			buildPhases = (
				4674299E2107040E0025AA54 /* Sources */,
				4674299F2107040E0025AA54 /* Frameworks */,
				467429A02107040E0025AA54 /* Resources */,
			);
			buildRules = (
			);
			dependencies = (
			);
			name = YoutubeApp;
			productName = YoutubeApp;
			productReference = 467429A22107040E0025AA54 /* YoutubeApp.app */;
			productType = "com.apple.product-type.application";
		};
/* End PBXNativeTarget section */

/* Begin PBXProject section */
		4674299A2107040E0025AA54 /* Project object */ = {
			isa = PBXProject;
			attributes = {
				LastSwiftUpdateCheck = 0930;
				LastUpgradeCheck = 0930;
				ORGANIZATIONNAME = Yanmii;
				TargetAttributes = {
					467429A12107040E0025AA54 = {
						CreatedOnToolsVersion = 9.3;
					};
				};
			};
			buildConfigurationList = 4674299D2107040E0025AA54 /* Build configuration list for PBXProject "YoutubeApp" */;
			compatibilityVersion = "Xcode 9.3";
			developmentRegion = en;
			hasScannedForEncodings = 0;
			knownRegions = (
				en,
				Base,
			);
			mainGroup = 467429992107040E0025AA54;
			productRefGroup = 467429A32107040E0025AA54 /* Products */;
			projectDirPath = "";
			projectRoot = "";
			targets = (
				467429A12107040E0025AA54 /* YoutubeApp */,
			);
		};
/* End PBXProject section */

/* Begin PBXResourcesBuildPhase section */
		467429A02107040E0025AA54 /* Resources */ = {
			isa = PBXResourcesBuildPhase;
			buildActionMask = 2147483647;
			files = (
				469D50E32109A50E00F573C4 /* Assets.xcassets in Resources */,
				467429B0210704120025AA54 /* LaunchScreen.storyboard in Resources */,
				467429AB2107040E0025AA54 /* Main.storyboard in Resources */,
			);
			runOnlyForDeploymentPostprocessing = 0;
		};
/* End PBXResourcesBuildPhase section */

/* Begin PBXSourcesBuildPhase section */
		4674299E2107040E0025AA54 /* Sources */ = {
			isa = PBXSourcesBuildPhase;
			buildActionMask = 2147483647;
			files = (
				467429A82107040E0025AA54 /* HomeController.swift in Sources */,
				4660F70221085CA00005C9DD /* VideoCell.swift in Sources */,
				469D50E62109B76600F573C4 /* Video.swift in Sources */,
				4660F6FE21085B690005C9DD /* Extensions.swift in Sources */,
				4660F7062108811C0005C9DD /* MenuItemCell.swift in Sources */,
				467429A62107040E0025AA54 /* AppDelegate.swift in Sources */,
				4660F704210876080005C9DD /* MenuBar.swift in Sources */,
			);
			runOnlyForDeploymentPostprocessing = 0;
		};
/* End PBXSourcesBuildPhase section */

/* Begin PBXVariantGroup section */
		467429A92107040E0025AA54 /* Main.storyboard */ = {
			isa = PBXVariantGroup;
			children = (
				467429AA2107040E0025AA54 /* Base */,
			);
			name = Main.storyboard;
			sourceTree = "<group>";
		};
		467429AE210704120025AA54 /* LaunchScreen.storyboard */ = {
			isa = PBXVariantGroup;
			children = (
				467429AF210704120025AA54 /* Base */,
			);
			name = LaunchScreen.storyboard;
			sourceTree = "<group>";
		};
/* End PBXVariantGroup section */

/* Begin XCBuildConfiguration section */
		467429B2210704120025AA54 /* Debug */ = {
			isa = XCBuildConfiguration;
			buildSettings = {
				ALWAYS_SEARCH_USER_PATHS = NO;
				CLANG_ANALYZER_NONNULL = YES;
				CLANG_ANALYZER_NUMBER_OBJECT_CONVERSION = YES_AGGRESSIVE;
				CLANG_CXX_LANGUAGE_STANDARD = "gnu++14";
				CLANG_CXX_LIBRARY = "libc++";
				CLANG_ENABLE_MODULES = YES;
				CLANG_ENABLE_OBJC_ARC = YES;
				CLANG_ENABLE_OBJC_WEAK = YES;
				CLANG_WARN_BLOCK_CAPTURE_AUTORELEASING = YES;
				CLANG_WARN_BOOL_CONVERSION = YES;
				CLANG_WARN_COMMA = YES;
				CLANG_WARN_CONSTANT_CONVERSION = YES;
				CLANG_WARN_DEPRECATED_OBJC_IMPLEMENTATIONS = YES;
				CLANG_WARN_DIRECT_OBJC_ISA_USAGE = YES_ERROR;
				CLANG_WARN_DOCUMENTATION_COMMENTS = YES;
				CLANG_WARN_EMPTY_BODY = YES;
				CLANG_WARN_ENUM_CONVERSION = YES;
				CLANG_WARN_INFINITE_RECURSION = YES;
				CLANG_WARN_INT_CONVERSION = YES;
				CLANG_WARN_NON_LITERAL_NULL_CONVERSION = YES;
				CLANG_WARN_OBJC_IMPLICIT_RETAIN_SELF = YES;
				CLANG_WARN_OBJC_LITERAL_CONVERSION = YES;
				CLANG_WARN_OBJC_ROOT_CLASS = YES_ERROR;
				CLANG_WARN_RANGE_LOOP_ANALYSIS = YES;
				CLANG_WARN_STRICT_PROTOTYPES = YES;
				CLANG_WARN_SUSPICIOUS_MOVE = YES;
				CLANG_WARN_UNGUARDED_AVAILABILITY = YES_AGGRESSIVE;
				CLANG_WARN_UNREACHABLE_CODE = YES;
				CLANG_WARN__DUPLICATE_METHOD_MATCH = YES;
				CODE_SIGN_IDENTITY = "iPhone Developer";
				COPY_PHASE_STRIP = NO;
				DEBUG_INFORMATION_FORMAT = dwarf;
				ENABLE_STRICT_OBJC_MSGSEND = YES;
				ENABLE_TESTABILITY = YES;
				GCC_C_LANGUAGE_STANDARD = gnu11;
				GCC_DYNAMIC_NO_PIC = NO;
				GCC_NO_COMMON_BLOCKS = YES;
				GCC_OPTIMIZATION_LEVEL = 0;
				GCC_PREPROCESSOR_DEFINITIONS = (
					"DEBUG=1",
					"$(inherited)",
				);
				GCC_WARN_64_TO_32_BIT_CONVERSION = YES;
				GCC_WARN_ABOUT_RETURN_TYPE = YES_ERROR;
				GCC_WARN_UNDECLARED_SELECTOR = YES;
				GCC_WARN_UNINITIALIZED_AUTOS = YES_AGGRESSIVE;
				GCC_WARN_UNUSED_FUNCTION = YES;
				GCC_WARN_UNUSED_VARIABLE = YES;
				IPHONEOS_DEPLOYMENT_TARGET = 11.3;
				MTL_ENABLE_DEBUG_INFO = YES;
				ONLY_ACTIVE_ARCH = YES;
				SDKROOT = iphoneos;
				SWIFT_ACTIVE_COMPILATION_CONDITIONS = DEBUG;
				SWIFT_OPTIMIZATION_LEVEL = "-Onone";
			};
			name = Debug;
		};
		467429B3210704120025AA54 /* Release */ = {
			isa = XCBuildConfiguration;
			buildSettings = {
				ALWAYS_SEARCH_USER_PATHS = NO;
				CLANG_ANALYZER_NONNULL = YES;
				CLANG_ANALYZER_NUMBER_OBJECT_CONVERSION = YES_AGGRESSIVE;
				CLANG_CXX_LANGUAGE_STANDARD = "gnu++14";
				CLANG_CXX_LIBRARY = "libc++";
				CLANG_ENABLE_MODULES = YES;
				CLANG_ENABLE_OBJC_ARC = YES;
				CLANG_ENABLE_OBJC_WEAK = YES;
				CLANG_WARN_BLOCK_CAPTURE_AUTORELEASING = YES;
				CLANG_WARN_BOOL_CONVERSION = YES;
				CLANG_WARN_COMMA = YES;
				CLANG_WARN_CONSTANT_CONVERSION = YES;
				CLANG_WARN_DEPRECATED_OBJC_IMPLEMENTATIONS = YES;
				CLANG_WARN_DIRECT_OBJC_ISA_USAGE = YES_ERROR;
				CLANG_WARN_DOCUMENTATION_COMMENTS = YES;
				CLANG_WARN_EMPTY_BODY = YES;
				CLANG_WARN_ENUM_CONVERSION = YES;
				CLANG_WARN_INFINITE_RECURSION = YES;
				CLANG_WARN_INT_CONVERSION = YES;
				CLANG_WARN_NON_LITERAL_NULL_CONVERSION = YES;
				CLANG_WARN_OBJC_IMPLICIT_RETAIN_SELF = YES;
				CLANG_WARN_OBJC_LITERAL_CONVERSION = YES;
				CLANG_WARN_OBJC_ROOT_CLASS = YES_ERROR;
				CLANG_WARN_RANGE_LOOP_ANALYSIS = YES;
				CLANG_WARN_STRICT_PROTOTYPES = YES;
				CLANG_WARN_SUSPICIOUS_MOVE = YES;
				CLANG_WARN_UNGUARDED_AVAILABILITY = YES_AGGRESSIVE;
				CLANG_WARN_UNREACHABLE_CODE = YES;
				CLANG_WARN__DUPLICATE_METHOD_MATCH = YES;
				CODE_SIGN_IDENTITY = "iPhone Developer";
				COPY_PHASE_STRIP = NO;
				DEBUG_INFORMATION_FORMAT = "dwarf-with-dsym";
				ENABLE_NS_ASSERTIONS = NO;
				ENABLE_STRICT_OBJC_MSGSEND = YES;
				GCC_C_LANGUAGE_STANDARD = gnu11;
				GCC_NO_COMMON_BLOCKS = YES;
				GCC_WARN_64_TO_32_BIT_CONVERSION = YES;
				GCC_WARN_ABOUT_RETURN_TYPE = YES_ERROR;
				GCC_WARN_UNDECLARED_SELECTOR = YES;
				GCC_WARN_UNINITIALIZED_AUTOS = YES_AGGRESSIVE;
				GCC_WARN_UNUSED_FUNCTION = YES;
				GCC_WARN_UNUSED_VARIABLE = YES;
				IPHONEOS_DEPLOYMENT_TARGET = 11.3;
				MTL_ENABLE_DEBUG_INFO = NO;
				SDKROOT = iphoneos;
				SWIFT_COMPILATION_MODE = wholemodule;
				SWIFT_OPTIMIZATION_LEVEL = "-O";
				VALIDATE_PRODUCT = YES;
			};
			name = Release;
		};
		467429B5210704120025AA54 /* Debug */ = {
			isa = XCBuildConfiguration;
			buildSettings = {
				ASSETCATALOG_COMPILER_APPICON_NAME = AppIcon;
				CODE_SIGN_STYLE = Automatic;
				DEVELOPMENT_TEAM = 4PGL8ZFAU4;
				INFOPLIST_FILE = YoutubeApp/Info.plist;
				LD_RUNPATH_SEARCH_PATHS = (
					"$(inherited)",
					"@executable_path/Frameworks",
				);
				PRODUCT_BUNDLE_IDENTIFIER = com.yanmii.YoutubeApp;
				PRODUCT_NAME = "$(TARGET_NAME)";
				SWIFT_VERSION = 4.0;
				TARGETED_DEVICE_FAMILY = "1,2";
			};
			name = Debug;
		};
		467429B6210704120025AA54 /* Release */ = {
			isa = XCBuildConfiguration;
			buildSettings = {
				ASSETCATALOG_COMPILER_APPICON_NAME = AppIcon;
				CODE_SIGN_STYLE = Automatic;
				DEVELOPMENT_TEAM = 4PGL8ZFAU4;
				INFOPLIST_FILE = YoutubeApp/Info.plist;
				LD_RUNPATH_SEARCH_PATHS = (
					"$(inherited)",
					"@executable_path/Frameworks",
				);
				PRODUCT_BUNDLE_IDENTIFIER = com.yanmii.YoutubeApp;
				PRODUCT_NAME = "$(TARGET_NAME)";
				SWIFT_VERSION = 4.0;
				TARGETED_DEVICE_FAMILY = "1,2";
			};
			name = Release;
		};
/* End XCBuildConfiguration section */

/* Begin XCConfigurationList section */
		4674299D2107040E0025AA54 /* Build configuration list for PBXProject "YoutubeApp" */ = {
			isa = XCConfigurationList;
			buildConfigurations = (
				467429B2210704120025AA54 /* Debug */,
				467429B3210704120025AA54 /* Release */,
			);
			defaultConfigurationIsVisible = 0;
			defaultConfigurationName = Release;
		};
		467429B4210704120025AA54 /* Build configuration list for PBXNativeTarget "YoutubeApp" */ = {
			isa = XCConfigurationList;
			buildConfigurations = (
				467429B5210704120025AA54 /* Debug */,
				467429B6210704120025AA54 /* Release */,
			);
			defaultConfigurationIsVisible = 0;
			defaultConfigurationName = Release;
		};
/* End XCConfigurationList section */
	};
	rootObject = 4674299A2107040E0025AA54 /* Project object */;
}
